
Microsoft Visual Studio Solution File, Format Version 12.00
# Visual Studio Version 16
VisualStudioVersion = 16.0.31515.178
MinimumVisualStudioVersion = 10.0.40219.1
Project("{FAE04EC0-301F-11D3-BF4B-00C04F79EFBC}") = "RESTAPI-Northwind", "RESTAPI-Northwind.csproj", "{A62F941B-EF27-49D7-BF9D-E0D4EE8F9D48}"
EndProject
Global
	GlobalSection(SolutionConfigurationPlatforms) = preSolution
		Debug|Any CPU = Debug|Any CPU
		Release|Any CPU = Release|Any CPU
	EndGlobalSection
	GlobalSection(ProjectConfigurationPlatforms) = postSolution
		{A62F941B-EF27-49D7-BF9D-E0D4EE8F9D48}.Debug|Any CPU.ActiveCfg = Debug|Any CPU
		{A62F941B-EF27-49D7-BF9D-E0D4EE8F9D48}.Debug|Any CPU.Build.0 = Debug|Any CPU
		{A62F941B-EF27-49D7-BF9D-E0D4EE8F9D48}.Release|Any CPU.ActiveCfg = Release|Any CPU
		{A62F941B-EF27-49D7-BF9D-E0D4EE8F9D48}.Release|Any CPU.Build.0 = Release|Any CPU
	EndGlobalSection
	GlobalSection(SolutionProperties) = preSolution
		HideSolutionNode = FALSE
	EndGlobalSection
	GlobalSection(ExtensibilityGlobals) = postSolution
		SolutionGuid = {912F99AC-E196-4522-AEF8-374E85294779}
	EndGlobalSection
EndGlobal
